
Microsoft Visual Studio Solution File, Format Version 12.00
# Visual Studio 15
VisualStudioVersion = 15.0.28307.1800
MinimumVisualStudioVersion = 10.0.40219.1
Project("{FAE04EC0-301F-11D3-BF4B-00C04F79EFBC}") = "TOM_Test", "TOM_Test\TOM_Test.csproj", "{B2CCBB5D-B0A5-46CD-8273-CB1BB492B011}"
EndProject
Project("{FAE04EC0-301F-11D3-BF4B-00C04F79EFBC}") = "OLAP_OLEDB", "OLAP_OLEDB\OLAP_OLEDB.csproj", "{7C3ACA6C-C3F7-4CF4-AC5A-FFDCC778E6BF}"
EndProject
Global
	GlobalSection(SolutionConfigurationPlatforms) = preSolution
		Debug|Any CPU = Debug|Any CPU
		Release|Any CPU = Release|Any CPU
	EndGlobalSection
	GlobalSection(ProjectConfigurationPlatforms) = postSolution
		{B2CCBB5D-B0A5-46CD-8273-CB1BB492B011}.Debug|Any CPU.ActiveCfg = Debug|Any CPU
		{B2CCBB5D-B0A5-46CD-8273-CB1BB492B011}.Debug|Any CPU.Build.0 = Debug|Any CPU
		{B2CCBB5D-B0A5-46CD-8273-CB1BB492B011}.Release|Any CPU.ActiveCfg = Release|Any CPU
		{B2CCBB5D-B0A5-46CD-8273-CB1BB492B011}.Release|Any CPU.Build.0 = Release|Any CPU
		{7C3ACA6C-C3F7-4CF4-AC5A-FFDCC778E6BF}.Debug|Any CPU.ActiveCfg = Debug|Any CPU
		{7C3ACA6C-C3F7-4CF4-AC5A-FFDCC778E6BF}.Debug|Any CPU.Build.0 = Debug|Any CPU
		{7C3ACA6C-C3F7-4CF4-AC5A-FFDCC778E6BF}.Release|Any CPU.ActiveCfg = Release|Any CPU
		{7C3ACA6C-C3F7-4CF4-AC5A-FFDCC778E6BF}.Release|Any CPU.Build.0 = Release|Any CPU
	EndGlobalSection
	GlobalSection(SolutionProperties) = preSolution
		HideSolutionNode = FALSE
	EndGlobalSection
	GlobalSection(ExtensibilityGlobals) = postSolution
		SolutionGuid = {3E595D4D-9D95-4261-B2D4-4325059A056C}
	EndGlobalSection
EndGlobal
